// !$*UTF8*$!
{
	archiveVersion = 1;
	classes = {
	};
	objectVersion = 46;
	objects = {

/* Begin PBXBuildFile section */
		DE4F5C691D970F200084935B /* AppDelegate.swift in Sources */ = {isa = PBXBuildFile; fileRef = DE4F5C681D970F200084935B /* AppDelegate.swift */; };
		DE4F5C6B1D970F200084935B /* ViewController.swift in Sources */ = {isa = PBXBuildFile; fileRef = DE4F5C6A1D970F200084935B /* ViewController.swift */; };
		DE4F5C6E1D970F200084935B /* Main.storyboard in Resources */ = {isa = PBXBuildFile; fileRef = DE4F5C6C1D970F200084935B /* Main.storyboard */; };
		DE4F5C701D970F200084935B /* Assets.xcassets in Resources */ = {isa = PBXBuildFile; fileRef = DE4F5C6F1D970F200084935B /* Assets.xcassets */; };
		DE4F5C731D970F200084935B /* LaunchScreen.storyboard in Resources */ = {isa = PBXBuildFile; fileRef = DE4F5C711D970F200084935B /* LaunchScreen.storyboard */; };
/* End PBXBuildFile section */

/* Begin PBXFileReference section */
		DE4F5C651D970F200084935B /* Swift App 1.app */ = {isa = PBXFileReference; explicitFileType = wrapper.application; includeInIndex = 0; path = "Swift App 1.app"; sourceTree = BUILT_PRODUCTS_DIR; };
		DE4F5C681D970F200084935B /* AppDelegate.swift */ = {isa = PBXFileReference; lastKnownFileType = sourcecode.swift; path = AppDelegate.swift; sourceTree = "<group>"; };
		DE4F5C6A1D970F200084935B /* ViewController.swift */ = {isa = PBXFileReference; lastKnownFileType = sourcecode.swift; path = ViewController.swift; sourceTree = "<group>"; };
		DE4F5C6D1D970F200084935B /* Base */ = {isa = PBXFileReference; lastKnownFileType = file.storyboard; name = Base; path = Base.lproj/Main.storyboard; sourceTree = "<group>"; };
		DE4F5C6F1D970F200084935B /* Assets.xcassets */ = {isa = PBXFileReference; lastKnownFileType = folder.assetcatalog; path = Assets.xcassets; sourceTree = "<group>"; };
		DE4F5C721D970F200084935B /* Base */ = {isa = PBXFileReference; lastKnownFileType = file.storyboard; name = Base; path = Base.lproj/LaunchScreen.storyboard; sourceTree = "<group>"; };
		DE4F5C741D970F200084935B /* Info.plist */ = {isa = PBXFileReference; lastKnownFileType = text.plist.xml; path = Info.plist; sourceTree = "<group>"; };
/* End PBXFileReference section */

/* Begin PBXFrameworksBuildPhase section */
		DE4F5C621D970F200084935B /* Frameworks */ = {
			isa = PBXFrameworksBuildPhase;
			buildActionMask = 2147483647;
			files = (
			);
			runOnlyForDeploymentPostprocessing = 0;
		};
/* End PBXFrameworksBuildPhase section */

/* Begin PBXGroup section */
		DE4F5C5C1D970F200084935B = {
			isa = PBXGroup;
			children = (
				DE4F5C671D970F200084935B /* Swift App 1 */,
				DE4F5C661D970F200084935B /* Products */,
			);
			sourceTree = "<group>";
		};
		DE4F5C661D970F200084935B /* Products */ = {
			isa = PBXGroup;
			children = (
				DE4F5C651D970F200084935B /* Swift App 1.app */,
			);
			name = Products;
			sourceTree = "<group>";
		};
		DE4F5C671D970F200084935B /* Swift App 1 */ = {
			isa = PBXGroup;
			children = (
				DE4F5C681D970F200084935B /* AppDelegate.swift */,
				DE4F5C6A1D970F200084935B /* ViewController.swift */,
				DE4F5C6C1D970F200084935B /* Main.storyboard */,
				DE4F5C6F1D970F200084935B /* Assets.xcassets */,
				DE4F5C711D970F200084935B /* LaunchScreen.storyboard */,
				DE4F5C741D970F200084935B /* Info.plist */,
			);
			path = "Swift App 1";
			sourceTree = "<group>";
		};
/* End PBXGroup section */

/* Begin PBXNativeTarget section */
		DE4F5C641D970F200084935B /* Swift App 1 */ = {
			isa = PBXNativeTarget;
			buildConfigurationList = DE4F5C771D970F200084935B /* Build configuration list for PBXNativeTarget "Swift App 1" */;
			buildPhases = (
				DE4F5C611D970F200084935B /* Sources */,
				DE4F5C621D970F200084935B /* Frameworks */,
				DE4F5C631D970F200084935B /* Resources */,
			);
			buildRules = (
			);
			dependencies = (
			);
			name = "Swift App 1";
			productName = "Swift App 1";
			productReference = DE4F5C651D970F200084935B /* Swift App 1.app */;
			productType = "com.apple.product-type.application";
		};
/* End PBXNativeTarget section */

/* Begin PBXProject section */
		DE4F5C5D1D970F200084935B /* Project object */ = {
			isa = PBXProject;
			attributes = {
				LastSwiftUpdateCheck = 0800;
				LastUpgradeCheck = 0800;
				ORGANIZATIONNAME = Merritte;
				TargetAttributes = {
					DE4F5C641D970F200084935B = {
						CreatedOnToolsVersion = 8.0;
						ProvisioningStyle = Automatic;
					};
				};
			};
			buildConfigurationList = DE4F5C601D970F200084935B /* Build configuration list for PBXProject "Swift App 1" */;
			compatibilityVersion = "Xcode 3.2";
			developmentRegion = English;
			hasScannedForEncodings = 0;
			knownRegions = (
				en,
				Base,
			);
			mainGroup = DE4F5C5C1D970F200084935B;
			productRefGroup = DE4F5C661D970F200084935B /* Products */;
			projectDirPath = "";
			projectRoot = "";
			targets = (
				DE4F5C641D970F200084935B /* Swift App 1 */,
			);
		};
/* End PBXProject section */

/* Begin PBXResourcesBuildPhase section */
		DE4F5C631D970F200084935B /* Resources */ = {
			isa = PBXResourcesBuildPhase;
			buildActionMask = 2147483647;
			files = (
				DE4F5C731D970F200084935B /* LaunchScreen.storyboard in Resources */,
				DE4F5C701D970F200084935B /* Assets.xcassets in Resources */,
				DE4F5C6E1D970F200084935B /* Main.storyboard in Resources */,
			);
			runOnlyForDeploymentPostprocessing = 0;
		};
/* End PBXResourcesBuildPhase section */

/* Begin PBXSourcesBuildPhase section */
		DE4F5C611D970F200084935B /* Sources */ = {
			isa = PBXSourcesBuildPhase;
			buildActionMask = 2147483647;
			files = (
				DE4F5C6B1D970F200084935B /* ViewController.swift in Sources */,
				DE4F5C691D970F200084935B /* AppDelegate.swift in Sources */,
			);
			runOnlyForDeploymentPostprocessing = 0;
		};
/* End PBXSourcesBuildPhase section */

/* Begin PBXVariantGroup section */
		DE4F5C6C1D970F200084935B /* Main.storyboard */ = {
			isa = PBXVariantGroup;
			children = (
				DE4F5C6D1D970F200084935B /* Base */,
			);
			name = Main.storyboard;
			sourceTree = "<group>";
		};
		DE4F5C711D970F200084935B /* LaunchScreen.storyboard */ = {
			isa = PBXVariantGroup;
			children = (
				DE4F5C721D970F200084935B /* Base */,
			);
			name = LaunchScreen.storyboard;
			sourceTree = "<group>";
		};
/* End PBXVariantGroup section */

/* Begin XCBuildConfiguration section */
		DE4F5C751D970F200084935B /* Debug */ = {
			isa = XCBuildConfiguration;
			buildSettings = {
				ALWAYS_SEARCH_USER_PATHS = NO;
				CLANG_ANALYZER_NONNULL = YES;
				CLANG_CXX_LANGUAGE_STANDARD = "gnu++0x";
				CLANG_CXX_LIBRARY = "libc++";
				CLANG_ENABLE_MODULES = YES;
				CLANG_ENABLE_OBJC_ARC = YES;
				CLANG_WARN_BOOL_CONVERSION = YES;
				CLANG_WARN_CONSTANT_CONVERSION = YES;
				CLANG_WARN_DIRECT_OBJC_ISA_USAGE = YES_ERROR;
				CLANG_WARN_DOCUMENTATION_COMMENTS = YES;
				CLANG_WARN_EMPTY_BODY = YES;
				CLANG_WARN_ENUM_CONVERSION = YES;
				CLANG_WARN_INFINITE_RECURSION = YES;
				CLANG_WARN_INT_CONVERSION = YES;
				CLANG_WARN_OBJC_ROOT_CLASS = YES_ERROR;
				CLANG_WARN_SUSPICIOUS_MOVES = YES;
				CLANG_WARN_UNREACHABLE_CODE = YES;
				CLANG_WARN__DUPLICATE_METHOD_MATCH = YES;
				"CODE_SIGN_IDENTITY[sdk=iphoneos*]" = "iPhone Developer";
				COPY_PHASE_STRIP = NO;
				DEBUG_INFORMATION_FORMAT = dwarf;
				ENABLE_STRICT_OBJC_MSGSEND = YES;
				ENABLE_TESTABILITY = YES;
				GCC_C_LANGUAGE_STANDARD = gnu99;
				GCC_DYNAMIC_NO_PIC = NO;
				GCC_NO_COMMON_BLOCKS = YES;
				GCC_OPTIMIZATION_LEVEL = 0;
				GCC_PREPROCESSOR_DEFINITIONS = (
					"DEBUG=1",
					"$(inherited)",
				);
				GCC_WARN_64_TO_32_BIT_CONVERSION = YES;
				GCC_WARN_ABOUT_RETURN_TYPE = YES_ERROR;
				GCC_WARN_UNDECLARED_SELECTOR = YES;
				GCC_WARN_UNINITIALIZED_AUTOS = YES_AGGRESSIVE;
				GCC_WARN_UNUSED_FUNCTION = YES;
				GCC_WARN_UNUSED_VARIABLE = YES;
				IPHONEOS_DEPLOYMENT_TARGET = 10.0;
				MTL_ENABLE_DEBUG_INFO = YES;
				ONLY_ACTIVE_ARCH = YES;
				SDKROOT = iphoneos;
				SWIFT_ACTIVE_COMPILATION_CONDITIONS = DEBUG;
				SWIFT_OPTIMIZATION_LEVEL = "-Onone";
				TARGETED_DEVICE_FAMILY = "1,2";
			};
			name = Debug;
		};
		DE4F5C761D970F200084935B /* Release */ = {
			isa = XCBuildConfiguration;
			buildSettings = {
				ALWAYS_SEARCH_USER_PATHS = NO;
				CLANG_ANALYZER_NONNULL = YES;
				CLANG_CXX_LANGUAGE_STANDARD = "gnu++0x";
				CLANG_CXX_LIBRARY = "libc++";
				CLANG_ENABLE_MODULES = YES;
				CLANG_ENABLE_OBJC_ARC = YES;
				CLANG_WARN_BOOL_CONVERSION = YES;
				CLANG_WARN_CONSTANT_CONVERSION = YES;
				CLANG_WARN_DIRECT_OBJC_ISA_USAGE = YES_ERROR;
				CLANG_WARN_DOCUMENTATION_COMMENTS = YES;
				CLANG_WARN_EMPTY_BODY = YES;
				CLANG_WARN_ENUM_CONVERSION = YES;
				CLANG_WARN_INFINITE_RECURSION = YES;
				CLANG_WARN_INT_CONVERSION = YES;
				CLANG_WARN_OBJC_ROOT_CLASS = YES_ERROR;
				CLANG_WARN_SUSPICIOUS_MOVES = YES;
				CLANG_WARN_UNREACHABLE_CODE = YES;
				CLANG_WARN__DUPLICATE_METHOD_MATCH = YES;
				"CODE_SIGN_IDENTITY[sdk=iphoneos*]" = "iPhone Developer";
				COPY_PHASE_STRIP = NO;
				DEBUG_INFORMATION_FORMAT = "dwarf-with-dsym";
				ENABLE_NS_ASSERTIONS = NO;
				ENABLE_STRICT_OBJC_MSGSEND = YES;
				GCC_C_LANGUAGE_STANDARD = gnu99;
				GCC_NO_COMMON_BLOCKS = YES;
				GCC_WARN_64_TO_32_BIT_CONVERSION = YES;
				GCC_WARN_ABOUT_RETURN_TYPE = YES_ERROR;
				GCC_WARN_UNDECLARED_SELECTOR = YES;
				GCC_WARN_UNINITIALIZED_AUTOS = YES_AGGRESSIVE;
				GCC_WARN_UNUSED_FUNCTION = YES;
				GCC_WARN_UNUSED_VARIABLE = YES;
				IPHONEOS_DEPLOYMENT_TARGET = 10.0;
				MTL_ENABLE_DEBUG_INFO = NO;
				SDKROOT = iphoneos;
				SWIFT_OPTIMIZATION_LEVEL = "-Owholemodule";
				TARGETED_DEVICE_FAMILY = "1,2";
				VALIDATE_PRODUCT = YES;
			};
			name = Release;
		};
		DE4F5C781D970F200084935B /* Debug */ = {
			isa = XCBuildConfiguration;
			buildSettings = {
				ASSETCATALOG_COMPILER_APPICON_NAME = AppIcon;
				INFOPLIST_FILE = "Swift App 1/Info.plist";
				LD_RUNPATH_SEARCH_PATHS = "$(inherited) @executable_path/Frameworks";
				PRODUCT_BUNDLE_IDENTIFIER = "Self.edu.merritte.Swift-App-1";
				PRODUCT_NAME = "$(TARGET_NAME)";
				SWIFT_VERSION = 3.0;
			};
			name = Debug;
		};
		DE4F5C791D970F200084935B /* Release */ = {
			isa = XCBuildConfiguration;
			buildSettings = {
				ASSETCATALOG_COMPILER_APPICON_NAME = AppIcon;
				INFOPLIST_FILE = "Swift App 1/Info.plist";
				LD_RUNPATH_SEARCH_PATHS = "$(inherited) @executable_path/Frameworks";
				PRODUCT_BUNDLE_IDENTIFIER = "Self.edu.merritte.Swift-App-1";
				PRODUCT_NAME = "$(TARGET_NAME)";
				SWIFT_VERSION = 3.0;
			};
			name = Release;
		};
/* End XCBuildConfiguration section */

/* Begin XCConfigurationList section */
		DE4F5C601D970F200084935B /* Build configuration list for PBXProject "Swift App 1" */ = {
			isa = XCConfigurationList;
			buildConfigurations = (
				DE4F5C751D970F200084935B /* Debug */,
				DE4F5C761D970F200084935B /* Release */,
			);
			defaultConfigurationIsVisible = 0;
			defaultConfigurationName = Release;
		};
		DE4F5C771D970F200084935B /* Build configuration list for PBXNativeTarget "Swift App 1" */ = {
			isa = XCConfigurationList;
			buildConfigurations = (
				DE4F5C781D970F200084935B /* Debug */,
				DE4F5C791D970F200084935B /* Release */,
			);
			defaultConfigurationIsVisible = 0;
		};
/* End XCConfigurationList section */
	};
	rootObject = DE4F5C5D1D970F200084935B /* Project object */;
}
